
Microsoft Visual Studio Solution File, Format Version 12.00
# Visual Studio 14
VisualStudioVersion = 14.0.25420.1
MinimumVisualStudioVersion = 10.0.40219.1
Project("{2150E333-8FDC-42A3-9474-1A3956D46DE8}") = "src", "src", "{F356CA75-E7FE-4E46-AE44-59CF5505EEF5}"
EndProject
Project("{2150E333-8FDC-42A3-9474-1A3956D46DE8}") = "Solution Items", "Solution Items", "{42CFBAF9-A4F8-4040-A9F0-C3CCEA34CADC}"
	ProjectSection(SolutionItems) = preProject
		global.json = global.json
	EndProjectSection
EndProject
Project("{8BB2217D-0F2D-49D1-97BC-3654ED321F3B}") = "ManageServer", "src\ManageServer\ManageServer.xproj", "{9C7C6523-F5FF-4FB3-AA8D-F4E947F70A04}"
EndProject
Global
	GlobalSection(SolutionConfigurationPlatforms) = preSolution
		Debug|Any CPU = Debug|Any CPU
		Release|Any CPU = Release|Any CPU
	EndGlobalSection
	GlobalSection(ProjectConfigurationPlatforms) = postSolution
		{9C7C6523-F5FF-4FB3-AA8D-F4E947F70A04}.Debug|Any CPU.ActiveCfg = Debug|Any CPU
		{9C7C6523-F5FF-4FB3-AA8D-F4E947F70A04}.Debug|Any CPU.Build.0 = Debug|Any CPU
		{9C7C6523-F5FF-4FB3-AA8D-F4E947F70A04}.Release|Any CPU.ActiveCfg = Release|Any CPU
		{9C7C6523-F5FF-4FB3-AA8D-F4E947F70A04}.Release|Any CPU.Build.0 = Release|Any CPU
	EndGlobalSection
	GlobalSection(SolutionProperties) = preSolution
		HideSolutionNode = FALSE
	EndGlobalSection
	GlobalSection(NestedProjects) = preSolution
		{9C7C6523-F5FF-4FB3-AA8D-F4E947F70A04} = {F356CA75-E7FE-4E46-AE44-59CF5505EEF5}
	EndGlobalSection
EndGlobal
